
Microsoft Visual Studio Solution File, Format Version 12.00
# Visual Studio Version 17
VisualStudioVersion = 17.12.35707.178
MinimumVisualStudioVersion = 10.0.40219.1
Project("{FAE04EC0-301F-11D3-BF4B-00C04F79EFBC}") = "ACME.Web", "ACME.Web\ACME.Web.csproj", "{7024F36B-E729-465B-8486-668EDD46C52E}"
EndProject
Project("{FAE04EC0-301F-11D3-BF4B-00C04F79EFBC}") = "ACME.RestService", "ACME.RestService\ACME.RestService.csproj", "{A26748F8-2EC2-4323-8A96-A41BD1E8AEE9}"
EndProject
Project("{FAE04EC0-301F-11D3-BF4B-00C04F79EFBC}") = "ACME.Common", "ACME.Common\ACME.Common.csproj", "{FDD97322-5568-4D54-9225-203C0F035178}"
EndProject
Global
	GlobalSection(SolutionConfigurationPlatforms) = preSolution
		Debug|Any CPU = Debug|Any CPU
		Release|Any CPU = Release|Any CPU
	EndGlobalSection
	GlobalSection(ProjectConfigurationPlatforms) = postSolution
		{7024F36B-E729-465B-8486-668EDD46C52E}.Debug|Any CPU.ActiveCfg = Debug|Any CPU
		{7024F36B-E729-465B-8486-668EDD46C52E}.Debug|Any CPU.Build.0 = Debug|Any CPU
		{7024F36B-E729-465B-8486-668EDD46C52E}.Release|Any CPU.ActiveCfg = Release|Any CPU
		{7024F36B-E729-465B-8486-668EDD46C52E}.Release|Any CPU.Build.0 = Release|Any CPU
		{A26748F8-2EC2-4323-8A96-A41BD1E8AEE9}.Debug|Any CPU.ActiveCfg = Debug|Any CPU
		{A26748F8-2EC2-4323-8A96-A41BD1E8AEE9}.Debug|Any CPU.Build.0 = Debug|Any CPU
		{A26748F8-2EC2-4323-8A96-A41BD1E8AEE9}.Release|Any CPU.ActiveCfg = Release|Any CPU
		{A26748F8-2EC2-4323-8A96-A41BD1E8AEE9}.Release|Any CPU.Build.0 = Release|Any CPU
		{FDD97322-5568-4D54-9225-203C0F035178}.Debug|Any CPU.ActiveCfg = Debug|Any CPU
		{FDD97322-5568-4D54-9225-203C0F035178}.Debug|Any CPU.Build.0 = Debug|Any CPU
		{FDD97322-5568-4D54-9225-203C0F035178}.Release|Any CPU.ActiveCfg = Release|Any CPU
		{FDD97322-5568-4D54-9225-203C0F035178}.Release|Any CPU.Build.0 = Release|Any CPU
	EndGlobalSection
	GlobalSection(SolutionProperties) = preSolution
		HideSolutionNode = FALSE
	EndGlobalSection
EndGlobal
